{
  "version": 4,
  "terraform_version": "1.9.4",
  "serial": 72,
  "lineage": "36acfdba-cc09-1a5f-6e65-dee5434e5b90",
  "outputs": {
    "vm_name": {
      "value": "ubuntu22-test-tf-1",
      "type": "string"
    },
    "vm_power_state": {
      "value": "on",
      "type": "string"
    }
  },
  "resources": [
    {
      "mode": "data",
      "type": "vsphere_datacenter",
      "name": "dc",
      "provider": "provider[\"registry.terraform.io/vmware/vsphere\"]",
      "instances": [
        {
          "schema_version": 0,
          "attributes": {
            "id": "datacenter-3",
            "name": "lab",
            "virtual_machines": [
              "AlgoSec-CM-10.4.0.151",
              "AlgoSec-CM-10.4.0.151-1",
              "AlgoSec-CM-10.4.0.151-2",
              "AlgoSec-CM-10.4.0.151-3",
              "BIGIP-17.5.0-0.0.15-vmware-10.4.0.100",
              "FortiGate-VM64.hw17-10.1.1.10",
              "arista-veos-10.2.4.70-default",
              "arista-veos-10.2.4.71",
              "arista-veos-10.2.4.72",
              "arista-veos-10.2.4.73",
              "arista-veos-10.2.4.74",
              "arista-veos-10.3.4.71",
              "arista-veos-10.3.4.72",
              "big-ip-10.3.0.106",
              "checkpoint-quantum-10.2.4.141",
              "checkpoint-smartcenter-10.2.4.142",
              "fortimananager-vm64-10.2.4.41",
              "greenbone-10.4.6.101",
              "panorama-lab-10.2.1.31",
              "panorama-lab-10.2.1.32",
              "panorama-lab-10.2.1.33",
              "panorama-lab-10.2.4.31",
              "pfsense-10.3.2.11",
              "pfsense-10.3.2.12",
              "pfsense-10.3.2.13",
              "pfsense-10.3.2.14",
              "pfsense-10.3.2.15",
              "test",
              "ubuntu22-ansible-10.4.0.151",
              "ubuntu22-dashy-10.3.0.113",
              "ubuntu22-dashy-10.3.0.114",
              "ubuntu22-dns-10.3.0.150",
              "ubuntu22-dns-10.3.0.151",
              "ubuntu22-dns-10.3.0.152",
              "ubuntu22-dns-10.3.0.153",
              "ubuntu22-dns-10.3.0.154",
              "ubuntu22-dnstest1-10.3.0.177",
              "ubuntu22-dnstest2-10.3.0.178",
              "ubuntu22-docker-dhcp",
              "ubuntu22-docker-dhcp-2",
              "ubuntu22-docker-template",
              "ubuntu22-github-10.4.0.123-clone",
              "ubuntu22-github-runner-10.4.1.130-template",
              "ubuntu22-github-runner-10.4.1.131",
              "ubuntu22-github-runner-10.4.1.132",
              "ubuntu22-gitlab-10.4.0.122",
              "ubuntu22-gitlab-10.4.0.122-clone",
              "ubuntu22-gitlab-10.4.0.123",
              "ubuntu22-gitlab-10.4.0.123-backup",
              "ubuntu22-gitlab-10.4.0.123-clone",
              "ubuntu22-gitlab-10.4.0.123-clone2",
              "ubuntu22-homeassistant-10.3.0.161",
              "ubuntu22-jenkins-10.4.3.101",
              "ubuntu22-jenkins-10.4.3.101-backup",
              "ubuntu22-jenkins-10.4.3.102",
              "ubuntu22-jenkins-agent-10.4.3.111",
              "ubuntu22-jenkins-agent-10.4.3.112",
              "ubuntu22-jenkins-agent-10.4.3.113",
              "ubuntu22-johnv-10.3.4.91",
              "ubuntu22-k8s-node-10.4.1.101",
              "ubuntu22-k8s-node-10.4.1.102",
              "ubuntu22-k8s-node-10.4.1.103",
              "ubuntu22-k8s-node-10.4.1.104",
              "ubuntu22-k8s-node-10.4.1.105",
              "ubuntu22-k8s-node-10.4.1.106",
              "ubuntu22-k8s-node-10.4.1.107",
              "ubuntu22-k8s-node-10.4.1.108",
              "ubuntu22-k8s-node-10.4.1.109",
              "ubuntu22-k8s-node-10.4.1.110",
              "ubuntu22-k8s-node-10.4.1.111",
              "ubuntu22-k8s-node-10.4.1.112",
              "ubuntu22-k8s-node-10.4.1.113",
              "ubuntu22-ntp-10.4.0.111",
              "ubuntu22-ntp-10.4.0.112",
              "ubuntu22-openstack-10.4.0.181",
              "ubuntu22-pavlov-10.3.4.101",
              "ubuntu22-pavlov-10.3.4.102",
              "ubuntu22-pihole-10.3.0.251",
              "ubuntu22-pihole-10.3.0.252",
              "ubuntu22-plex.0-10.1.1.70",
              "ubuntu22-plex.1-10.1.1.71",
              "ubuntu22-plex.2-10.1.1.72",
              "ubuntu22-plex.3-10.1.1.73",
              "ubuntu22-plex.4-10.1.1.74",
              "ubuntu22-plex.5-10.1.1.75",
              "ubuntu22-plex.6-10.1.1.76",
              "ubuntu22-plex.7-10.1.1.77",
              "ubuntu22-plex.8-10.1.1.78",
              "ubuntu22-portainer-10.3.0.171",
              "ubuntu22-postgres-1-10.3.1.161",
              "ubuntu22-postgres-2-10.3.1.162",
              "ubuntu22-postgres-3-10.3.1.163",
              "ubuntu22-postgres-4-10.3.1.164",
              "ubuntu22-rancher-10.3.0.121",
              "ubuntu22-rancher-10.3.0.122",
              "ubuntu22-rancher-10.3.0.123",
              "ubuntu22-sftp-10.3.0.105",
              "ubuntu22-speedtest-10.1.1.221",
              "ubuntu22-speedtest-10.1.1.222",
              "ubuntu22-speedtest-10.2.1.221",
              "ubuntu22-speedtest-10.2.1.222",
              "ubuntu22-speedtest-10.2.1.223",
              "ubuntu22-speedtest-10.2.1.224",
              "ubuntu22-speedtest-10.2.1.225",
              "ubuntu22-speedtest-10.2.1.226",
              "ubuntu22-speedtest-10.6.0.221",
              "ubuntu22-syslog-10.3.0.100",
              "ubuntu22-terraform-10.4.3.161",
              "ubuntu22-terraform-10.4.3.162",
              "ubuntu22-terraform-10.4.3.163",
              "ubuntu22-torrent-10.3.3.101",
              "ubuntu22-torrent-10.3.3.102",
              "ubuntu22-torrent-10.3.3.103",
              "ubuntu22-torrent-10.3.3.104",
              "ubuntu22-torrent-10.3.3.105",
              "ubuntu22-vault-10.4.0.140",
              "ubuntu24-docker-dhcp",
              "ubuntu24-pavlov-10.3.4.101",
              "vmware-vcenter8-10.2.2.118",
              "vmware-vcenter8-10.2.2.118-clone",
              "win10-crazy-10.3.4.100",
              "win10-rdp-10.3.4.121",
              "win2019-edl-10.3.0.125",
              "win2022-dc1-10.4.0.101",
              "win2022-dc2-10.4.0.201",
              "win7-enterprise-10.3.0.141"
            ]
          },
          "sensitive_attributes": []
        }
      ]
    },
    {
      "mode": "data",
      "type": "vsphere_datastore",
      "name": "ds",
      "provider": "provider[\"registry.terraform.io/vmware/vsphere\"]",
      "instances": [
        {
          "schema_version": 0,
          "attributes": {
            "datacenter_id": "datacenter-3",
            "id": "datastore-21",
            "name": "iscsi-disk-4.1",
            "stats": {
              "capacity": "6442182508544",
              "free": "2267589640192"
            }
          },
          "sensitive_attributes": []
        }
      ]
    },
    {
      "mode": "data",
      "type": "vsphere_host",
      "name": "esxi",
      "provider": "provider[\"registry.terraform.io/vmware/vsphere\"]",
      "instances": [
        {
          "schema_version": 0,
          "attributes": {
            "datacenter_id": "datacenter-3",
            "id": "host-70",
            "name": "vsphere1.mxferguson.com",
            "resource_pool_id": "resgroup-69"
          },
          "sensitive_attributes": []
        }
      ]
    },
    {
      "mode": "data",
      "type": "vsphere_network",
      "name": "net",
      "provider": "provider[\"registry.terraform.io/vmware/vsphere\"]",
      "instances": [
        {
          "schema_version": 0,
          "attributes": {
            "datacenter_id": "datacenter-3",
            "distributed_virtual_switch_uuid": null,
            "filter": null,
            "id": "dvportgroup-7001",
            "name": "DPortGroup-250",
            "retry_interval": 500,
            "retry_timeout": 0,
            "type": "DistributedVirtualPortgroup",
            "vpc_id": null
          },
          "sensitive_attributes": []
        }
      ]
    },
    {
      "mode": "data",
      "type": "vsphere_virtual_machine",
      "name": "tmpl",
      "provider": "provider[\"registry.terraform.io/vmware/vsphere\"]",
      "instances": [
        {
          "schema_version": 0,
          "attributes": {
            "alternate_guest_name": "",
            "annotation": "",
            "boot_delay": 0,
            "boot_retry_delay": 10000,
            "boot_retry_enabled": false,
            "change_version": "2025-10-09T13:04:39.739938Z",
            "cpu_hot_add_enabled": false,
            "cpu_hot_remove_enabled": false,
            "cpu_limit": -1,
            "cpu_performance_counters_enabled": false,
            "cpu_reservation": 0,
            "cpu_share_count": 4000,
            "cpu_share_level": "normal",
            "datacenter_id": "datacenter-3",
            "default_ip_address": null,
            "disks": [
              {
                "eagerly_scrub": false,
                "label": "Hard disk 1",
                "size": 40,
                "thin_provisioned": false,
                "unit_number": 0
              }
            ],
            "efi_secure_boot_enabled": false,
            "enable_disk_uuid": false,
            "enable_logging": true,
            "ept_rvi_mode": "automatic",
            "extra_config": {},
            "extra_config_reboot_required": true,
            "firmware": "bios",
            "folder": null,
            "guest_id": "ubuntu64Guest",
            "guest_ip_addresses": [],
            "hardware_version": 19,
            "hv_mode": "hvAuto",
            "id": "422d5e75-bead-97bc-6e25-b9dd397039b7",
            "ide_controller_scan_count": 2,
            "instance_uuid": "502d3cb7-31fd-6818-14e0-5f9aa5380eec",
            "latency_sensitivity": "normal",
            "memory": 8192,
            "memory_hot_add_enabled": false,
            "memory_limit": -1,
            "memory_reservation": 0,
            "memory_reservation_locked_to_max": false,
            "memory_share_count": 81920,
            "memory_share_level": "normal",
            "moid": "vm-7043",
            "name": "ubuntu22-docker-template",
            "nested_hv_enabled": false,
            "network_interface_types": [
              "vmxnet3"
            ],
            "network_interfaces": [
              {
                "adapter_type": "vmxnet3",
                "bandwidth_limit": -1,
                "bandwidth_reservation": 0,
                "bandwidth_share_count": 50,
                "bandwidth_share_level": "normal",
                "mac_address": "00:50:56:ad:03:a2",
                "network_id": "dvportgroup-7001",
                "physical_function": ""
              }
            ],
            "num_cores_per_socket": 1,
            "num_cpus": 4,
            "nvme_controller_scan_count": 1,
            "replace_trigger": null,
            "run_tools_scripts_after_power_on": true,
            "run_tools_scripts_after_resume": true,
            "run_tools_scripts_before_guest_reboot": false,
            "run_tools_scripts_before_guest_shutdown": true,
            "run_tools_scripts_before_guest_standby": true,
            "sata_controller_scan_count": 0,
            "scsi_bus_sharing": "noSharing",
            "scsi_controller_scan_count": 1,
            "scsi_type": "lsilogic",
            "storage_policy_id": null,
            "swap_placement_policy": "inherit",
            "sync_time_with_host": true,
            "sync_time_with_host_periodically": false,
            "tools_upgrade_policy": "manual",
            "uuid": "422d5e75-bead-97bc-6e25-b9dd397039b7",
            "vapp": null,
            "vapp_transport": [],
            "vbs_enabled": false,
            "vtpm": false,
            "vvtd_enabled": false
          },
          "sensitive_attributes": []
        }
      ]
    },
    {
      "mode": "managed",
      "type": "vsphere_virtual_machine",
      "name": "vm",
      "provider": "provider[\"registry.terraform.io/vmware/vsphere\"]",
      "instances": [
        {
          "schema_version": 3,
          "attributes": {
            "alternate_guest_name": "",
            "annotation": "",
            "boot_delay": 0,
            "boot_retry_delay": 10000,
            "boot_retry_enabled": false,
            "cdrom": [],
            "change_version": "2025-10-09T13:12:12.42863Z",
            "clone": [
              {
                "customization_spec": [],
                "customize": [
                  {
                    "dns_server_list": [
                      "10.3.0.151",
                      "10.3.0.152"
                    ],
                    "dns_suffix_list": [
                      "mxferguson.com"
                    ],
                    "ipv4_gateway": "10.4.5.1",
                    "ipv6_gateway": "",
                    "linux_options": [
                      {
                        "domain": "mxferguson.com",
                        "host_name": "ubuntu22-test-1",
                        "hw_clock_utc": true,
                        "script_text": "",
                        "time_zone": ""
                      }
                    ],
                    "network_interface": [
                      {
                        "dns_domain": "",
                        "dns_server_list": null,
                        "ipv4_address": "10.4.5.101",
                        "ipv4_netmask": 24,
                        "ipv6_address": "",
                        "ipv6_netmask": 0
                      }
                    ],
                    "timeout": 10,
                    "windows_options": [],
                    "windows_sysprep_text": ""
                  }
                ],
                "linked_clone": false,
                "ovf_network_map": null,
                "ovf_storage_map": null,
                "template_uuid": "422d5e75-bead-97bc-6e25-b9dd397039b7",
                "timeout": 30
              }
            ],
            "cpu_hot_add_enabled": false,
            "cpu_hot_remove_enabled": false,
            "cpu_limit": -1,
            "cpu_performance_counters_enabled": false,
            "cpu_reservation": 0,
            "cpu_share_count": 4000,
            "cpu_share_level": "normal",
            "custom_attributes": null,
            "datacenter_id": null,
            "datastore_cluster_id": null,
            "datastore_id": "datastore-21",
            "default_ip_address": null,
            "disk": [
              {
                "attach": false,
                "controller_type": "scsi",
                "datastore_id": "datastore-21",
                "device_address": "scsi:0:0",
                "disk_mode": "persistent",
                "disk_sharing": "sharingNone",
                "eagerly_scrub": false,
                "io_limit": -1,
                "io_reservation": 0,
                "io_share_count": 1000,
                "io_share_level": "normal",
                "keep_on_remove": false,
                "key": 2000,
                "label": "disk0",
                "path": "ubuntu22-test-tf-1/ubuntu22-test-tf-1.vmdk",
                "size": 40,
                "storage_policy_id": "",
                "thin_provisioned": true,
                "unit_number": 0,
                "uuid": "6000C29d-dd5f-88f2-7270-c702d67f5fb1",
                "write_through": false
              }
            ],
            "efi_secure_boot_enabled": false,
            "enable_disk_uuid": false,
            "enable_logging": false,
            "ept_rvi_mode": "automatic",
            "extra_config": null,
            "extra_config_reboot_required": true,
            "firmware": "bios",
            "folder": "",
            "force_power_off": true,
            "guest_id": "ubuntu64Guest",
            "guest_ip_addresses": [],
            "hardware_version": 19,
            "host_system_id": "host-70",
            "hv_mode": "hvAuto",
            "id": "422d7a5d-bd1d-c5a0-f680-7232811ab03a",
            "ide_controller_count": 2,
            "ignored_guest_ips": null,
            "imported": null,
            "latency_sensitivity": "normal",
            "memory": 8192,
            "memory_hot_add_enabled": false,
            "memory_limit": -1,
            "memory_reservation": 0,
            "memory_reservation_locked_to_max": false,
            "memory_share_count": 81920,
            "memory_share_level": "normal",
            "migrate_wait_timeout": 30,
            "moid": "vm-7044",
            "name": "ubuntu22-test-tf-1",
            "nested_hv_enabled": false,
            "network_interface": [
              {
                "adapter_type": "vmxnet3",
                "bandwidth_limit": -1,
                "bandwidth_reservation": 0,
                "bandwidth_share_count": 50,
                "bandwidth_share_level": "normal",
                "device_address": "pci:0:7",
                "key": 4000,
                "mac_address": "00:50:56:ad:4b:e6",
                "network_id": "dvportgroup-7001",
                "ovf_mapping": "",
                "physical_function": "",
                "use_static_mac": false
              }
            ],
            "num_cores_per_socket": 1,
            "num_cpus": 4,
            "nvme_controller_count": 0,
            "ovf_deploy": [],
            "pci_device_id": null,
            "power_state": "on",
            "poweron_timeout": 300,
            "reboot_required": false,
            "replace_trigger": null,
            "resource_pool_id": "resgroup-69",
            "run_tools_scripts_after_power_on": true,
            "run_tools_scripts_after_resume": true,
            "run_tools_scripts_before_guest_reboot": false,
            "run_tools_scripts_before_guest_shutdown": true,
            "run_tools_scripts_before_guest_standby": true,
            "sata_controller_count": 0,
            "scsi_bus_sharing": "noSharing",
            "scsi_controller_count": 1,
            "scsi_type": "lsilogic",
            "shutdown_wait_timeout": 3,
            "storage_policy_id": "",
            "swap_placement_policy": "inherit",
            "sync_time_with_host": true,
            "sync_time_with_host_periodically": false,
            "tags": null,
            "tools_upgrade_policy": "manual",
            "uuid": "422d7a5d-bd1d-c5a0-f680-7232811ab03a",
            "vapp": [],
            "vapp_transport": [],
            "vbs_enabled": false,
            "vmware_tools_status": "guestToolsNotRunning",
            "vmx_path": "ubuntu22-test-tf-1/ubuntu22-test-tf-1.vmx",
            "vtpm": [],
            "vvtd_enabled": false,
            "wait_for_guest_ip_timeout": 0,
            "wait_for_guest_net_routable": false,
            "wait_for_guest_net_timeout": 0
          },
          "sensitive_attributes": [
            [
              {
                "type": "get_attr",
                "value": "clone"
              },
              {
                "type": "index",
                "value": {
                  "value": 0,
                  "type": "number"
                }
              },
              {
                "type": "get_attr",
                "value": "customize"
              },
              {
                "type": "index",
                "value": {
                  "value": 0,
                  "type": "number"
                }
              },
              {
                "type": "get_attr",
                "value": "windows_sysprep_text"
              }
            ],
            [
              {
                "type": "get_attr",
                "value": "clone"
              },
              {
                "type": "index",
                "value": {
                  "value": 0,
                  "type": "number"
                }
              },
              {
                "type": "get_attr",
                "value": "customize"
              },
              {
                "type": "index",
                "value": {
                  "value": 0,
                  "type": "number"
                }
              },
              {
                "type": "get_attr",
                "value": "linux_options"
              },
              {
                "type": "index",
                "value": {
                  "value": 0,
                  "type": "number"
                }
              },
              {
                "type": "get_attr",
                "value": "script_text"
              }
            ]
          ],
          "private": "eyJzY2hlbWFfdmVyc2lvbiI6IjMifQ==",
          "dependencies": [
            "data.vsphere_datacenter.dc",
            "data.vsphere_datastore.ds",
            "data.vsphere_host.esxi",
            "data.vsphere_network.net",
            "data.vsphere_virtual_machine.tmpl"
          ]
        }
      ]
    }
  ],
  "check_results": null
}
